# This file is automatically @generated by Cargo.
# It is not intended for manual editing.
version = 4

[[package]]
name = "fleet-kernel"
version = "0.0.0"

[[package]]
name = "fleet-node"
version = "0.0.0"
dependencies = [
 "fleet-kernel",
]

[[package]]
name = "fleet-sim"
version = "0.0.0"
dependencies = [
 "fleet-kernel",
]
